
Microsoft Visual Studio Solution File, Format Version 12.00
# Visual Studio Version 17
VisualStudioVersion = 17.0.32112.339
MinimumVisualStudioVersion = 10.0.40219.1
Project("{9A19103F-16F7-4668-BE54-9A1E7A4F7556}") = "SalesApp", "SalesApp\SalesApp.csproj", "{CAF755CC-7D28-44DF-B0FA-3ACD0D907DCD}"
EndProject
Project("{FAE04EC0-301F-11D3-BF4B-00C04F79EFBC}") = "SalesApi", "SalesApi\SalesApi.csproj", "{442C72BA-005F-4708-B427-AAB89BDE9D9A}"
EndProject
Project("{FAE04EC0-301F-11D3-BF4B-00C04F79EFBC}") = "SalesApiTests", "SalesServiceTests\SalesApiTests.csproj", "{1E716E13-9E53-402C-B781-617A2D7972BD}"
EndProject
Global
	GlobalSection(SolutionConfigurationPlatforms) = preSolution
		Debug|Any CPU = Debug|Any CPU
		Release|Any CPU = Release|Any CPU
	EndGlobalSection
	GlobalSection(ProjectConfigurationPlatforms) = postSolution
		{CAF755CC-7D28-44DF-B0FA-3ACD0D907DCD}.Debug|Any CPU.ActiveCfg = Debug|Any CPU
		{CAF755CC-7D28-44DF-B0FA-3ACD0D907DCD}.Debug|Any CPU.Build.0 = Debug|Any CPU
		{CAF755CC-7D28-44DF-B0FA-3ACD0D907DCD}.Release|Any CPU.ActiveCfg = Release|Any CPU
		{CAF755CC-7D28-44DF-B0FA-3ACD0D907DCD}.Release|Any CPU.Build.0 = Release|Any CPU
		{442C72BA-005F-4708-B427-AAB89BDE9D9A}.Debug|Any CPU.ActiveCfg = Debug|Any CPU
		{442C72BA-005F-4708-B427-AAB89BDE9D9A}.Debug|Any CPU.Build.0 = Debug|Any CPU
		{442C72BA-005F-4708-B427-AAB89BDE9D9A}.Release|Any CPU.ActiveCfg = Release|Any CPU
		{442C72BA-005F-4708-B427-AAB89BDE9D9A}.Release|Any CPU.Build.0 = Release|Any CPU
		{1E716E13-9E53-402C-B781-617A2D7972BD}.Debug|Any CPU.ActiveCfg = Debug|Any CPU
		{1E716E13-9E53-402C-B781-617A2D7972BD}.Debug|Any CPU.Build.0 = Debug|Any CPU
		{1E716E13-9E53-402C-B781-617A2D7972BD}.Release|Any CPU.ActiveCfg = Release|Any CPU
		{1E716E13-9E53-402C-B781-617A2D7972BD}.Release|Any CPU.Build.0 = Release|Any CPU
	EndGlobalSection
	GlobalSection(SolutionProperties) = preSolution
		HideSolutionNode = FALSE
	EndGlobalSection
	GlobalSection(ExtensibilityGlobals) = postSolution
		SolutionGuid = {AB502E5D-326D-4F8C-9639-4AD1EFFA6B3C}
	EndGlobalSection
EndGlobal
